
Microsoft Visual Studio Solution File, Format Version 12.00
# Visual Studio Version 17
VisualStudioVersion = 17.7.34031.279
MinimumVisualStudioVersion = 10.0.40219.1
Project("{FAE04EC0-301F-11D3-BF4B-00C04F79EFBC}") = "RazorPagesMovie", "RazorPagesMovie\RazorPagesMovie.csproj", "{133998CB-082C-4F70-B5A7-94E32F87FD02}"
EndProject
Global
	GlobalSection(SolutionConfigurationPlatforms) = preSolution
		Debug|Any CPU = Debug|Any CPU
		Release|Any CPU = Release|Any CPU
	EndGlobalSection
	GlobalSection(ProjectConfigurationPlatforms) = postSolution
		{133998CB-082C-4F70-B5A7-94E32F87FD02}.Debug|Any CPU.ActiveCfg = Debug|Any CPU
		{133998CB-082C-4F70-B5A7-94E32F87FD02}.Debug|Any CPU.Build.0 = Debug|Any CPU
		{133998CB-082C-4F70-B5A7-94E32F87FD02}.Release|Any CPU.ActiveCfg = Release|Any CPU
		{133998CB-082C-4F70-B5A7-94E32F87FD02}.Release|Any CPU.Build.0 = Release|Any CPU
	EndGlobalSection
	GlobalSection(SolutionProperties) = preSolution
		HideSolutionNode = FALSE
	EndGlobalSection
	GlobalSection(ExtensibilityGlobals) = postSolution
		SolutionGuid = {F603F68F-2141-4D75-BA85-3BF90FB22AA4}
	EndGlobalSection
EndGlobal
